
Microsoft Visual Studio Solution File, Format Version 12.00
# Visual Studio Version 17
VisualStudioVersion = 17.9.34728.123
MinimumVisualStudioVersion = 10.0.40219.1
Project("{FAE04EC0-301F-11D3-BF4B-00C04F79EFBC}") = "ReservationX", "ReservationX\ReservationX.csproj", "{0964C18F-DF24-4E0D-9DB6-A07631AC7B82}"
EndProject
Global
	GlobalSection(SolutionConfigurationPlatforms) = preSolution
		Debug|Any CPU = Debug|Any CPU
		Release|Any CPU = Release|Any CPU
	EndGlobalSection
	GlobalSection(ProjectConfigurationPlatforms) = postSolution
		{0964C18F-DF24-4E0D-9DB6-A07631AC7B82}.Debug|Any CPU.ActiveCfg = Debug|Any CPU
		{0964C18F-DF24-4E0D-9DB6-A07631AC7B82}.Debug|Any CPU.Build.0 = Debug|Any CPU
		{0964C18F-DF24-4E0D-9DB6-A07631AC7B82}.Release|Any CPU.ActiveCfg = Release|Any CPU
		{0964C18F-DF24-4E0D-9DB6-A07631AC7B82}.Release|Any CPU.Build.0 = Release|Any CPU
	EndGlobalSection
	GlobalSection(SolutionProperties) = preSolution
		HideSolutionNode = FALSE
	EndGlobalSection
	GlobalSection(ExtensibilityGlobals) = postSolution
		SolutionGuid = {759A2CBB-0D90-49FD-99AB-8CCAADA1B40F}
	EndGlobalSection
EndGlobal
